
Microsoft Visual Studio Solution File, Format Version 12.00
# Visual Studio Version 16
VisualStudioVersion = 16.0.31205.134
MinimumVisualStudioVersion = 10.0.40219.1
Project("{FAE04EC0-301F-11D3-BF4B-00C04F79EFBC}") = "Group20211114", "Group20211114\Group20211114.csproj", "{54604020-4849-483B-85CF-0947150FBE6E}"
EndProject
Global
	GlobalSection(SolutionConfigurationPlatforms) = preSolution
		Debug|Any CPU = Debug|Any CPU
		Release|Any CPU = Release|Any CPU
	EndGlobalSection
	GlobalSection(ProjectConfigurationPlatforms) = postSolution
		{54604020-4849-483B-85CF-0947150FBE6E}.Debug|Any CPU.ActiveCfg = Debug|Any CPU
		{54604020-4849-483B-85CF-0947150FBE6E}.Debug|Any CPU.Build.0 = Debug|Any CPU
		{54604020-4849-483B-85CF-0947150FBE6E}.Release|Any CPU.ActiveCfg = Release|Any CPU
		{54604020-4849-483B-85CF-0947150FBE6E}.Release|Any CPU.Build.0 = Release|Any CPU
	EndGlobalSection
	GlobalSection(SolutionProperties) = preSolution
		HideSolutionNode = FALSE
	EndGlobalSection
	GlobalSection(ExtensibilityGlobals) = postSolution
		SolutionGuid = {3922E39A-37E8-49BA-AB3F-9271DBF136D0}
	EndGlobalSection
EndGlobal
