
Microsoft Visual Studio Solution File, Format Version 12.00
# Visual Studio Version 16
VisualStudioVersion = 16.0.31205.134
MinimumVisualStudioVersion = 10.0.40219.1
Project("{FAE04EC0-301F-11D3-BF4B-00C04F79EFBC}") = "Group20210524", "Group20210524\Group20210524.csproj", "{1B32D5C1-4098-43A2-BC2A-87122EDE8164}"
EndProject
Global
	GlobalSection(SolutionConfigurationPlatforms) = preSolution
		Debug|Any CPU = Debug|Any CPU
		Release|Any CPU = Release|Any CPU
	EndGlobalSection
	GlobalSection(ProjectConfigurationPlatforms) = postSolution
		{1B32D5C1-4098-43A2-BC2A-87122EDE8164}.Debug|Any CPU.ActiveCfg = Debug|Any CPU
		{1B32D5C1-4098-43A2-BC2A-87122EDE8164}.Debug|Any CPU.Build.0 = Debug|Any CPU
		{1B32D5C1-4098-43A2-BC2A-87122EDE8164}.Release|Any CPU.ActiveCfg = Release|Any CPU
		{1B32D5C1-4098-43A2-BC2A-87122EDE8164}.Release|Any CPU.Build.0 = Release|Any CPU
	EndGlobalSection
	GlobalSection(SolutionProperties) = preSolution
		HideSolutionNode = FALSE
	EndGlobalSection
	GlobalSection(ExtensibilityGlobals) = postSolution
		SolutionGuid = {97323028-DC0D-4E70-A6ED-3F0B7FE7BB65}
	EndGlobalSection
EndGlobal
